# This is a Gradle generated file for dependency locking.
# Manual edits can break the build and are not advised.
# This file is expected to be part of source control.
com.fasterxml.jackson.core:jackson-annotations:2.11.1=dokkaGfmPlugin,dokkaGfmRuntime,dokkaHtmlPlugin,dokkaHtmlRuntime,dokkaJavadocPlugin,dokkaJavadocRuntime,dokkaJekyllPlugin,dokkaJekyllRuntime
com.fasterxml.jackson.core:jackson-core:2.11.1=dokkaGfmPlugin,dokkaGfmRuntime,dokkaHtmlPlugin,dokkaHtmlRuntime,dokkaJavadocPlugin,dokkaJavadocRuntime,dokkaJekyllPlugin,dokkaJekyllRuntime
com.fasterxml.jackson.core:jackson-databind:2.11.1=dokkaGfmPlugin,dokkaGfmRuntime,dokkaHtmlPlugin,dokkaHtmlRuntime,dokkaJavadocPlugin,dokkaJavadocRuntime,dokkaJekyllPlugin,dokkaJekyllRuntime
com.fasterxml.jackson.dataformat:jackson-dataformat-xml:2.11.1=dokkaGfmRuntime,dokkaHtmlRuntime,dokkaJavadocRuntime,dokkaJekyllRuntime
com.fasterxml.jackson.module:jackson-module-jaxb-annotations:2.11.1=dokkaGfmRuntime,dokkaHtmlRuntime,dokkaJavadocRuntime,dokkaJekyllRuntime
com.fasterxml.jackson.module:jackson-module-kotlin:2.11.1=dokkaGfmPlugin,dokkaGfmRuntime,dokkaHtmlPlugin,dokkaHtmlRuntime,dokkaJavadocPlugin,dokkaJavadocRuntime,dokkaJekyllPlugin,dokkaJekyllRuntime
com.fasterxml.woodstox:woodstox-core:6.2.1=dokkaGfmRuntime,dokkaHtmlRuntime,dokkaJavadocRuntime,dokkaJekyllRuntime
com.github.tschuchortdev:kotlin-compile-testing:1.2.11=testRuntimeClasspath
com.squareup.okio:okio:2.1.0=testRuntimeClasspath
io.arrow-kt:arrow-annotations:0.11.0=compileClasspath,pluginDependency,testCompileClasspath,testImplementationDependenciesMetadata,testRuntimeClasspath
io.arrow-kt:arrow-core-data:0.11.0=compileClasspath,pluginDependency,testCompileClasspath,testImplementationDependenciesMetadata,testRuntimeClasspath
io.arrow-kt:arrow-core:0.11.0=compileClasspath,pluginDependency,testCompileClasspath,testImplementationDependenciesMetadata,testRuntimeClasspath
io.arrow-kt:arrow-meta-prelude:1.4.10-SNAPSHOT=testCompileClasspath,testImplementationDependenciesMetadata,testRuntimeClasspath
io.arrow-kt:arrow-syntax:0.11.0=compileClasspath,pluginDependency
io.arrow-kt:compiler-plugin:1.4.10-SNAPSHOT=compileClasspath,pluginDependency,testCompileClasspath,testImplementationDependenciesMetadata,testRuntimeClasspath
io.arrow-kt:meta-test:1.4.10-SNAPSHOT=testCompileClasspath,testImplementationDependenciesMetadata,testRuntimeClasspath
io.github.classgraph:classgraph:4.8.47=testRuntimeClasspath
io.kindedj:kindedj:1.1.0=compileClasspath,pluginDependency,testCompileClasspath,testImplementationDependenciesMetadata,testRuntimeClasspath
jakarta.activation:jakarta.activation-api:1.2.1=dokkaGfmRuntime,dokkaHtmlRuntime,dokkaJavadocRuntime,dokkaJekyllRuntime
jakarta.xml.bind:jakarta.xml.bind-api:2.3.2=dokkaGfmRuntime,dokkaHtmlRuntime,dokkaJavadocRuntime,dokkaJekyllRuntime
org.apiguardian:apiguardian-api:1.1.0=testCompileClasspath,testImplementationDependenciesMetadata,testRuntimeClasspath
org.assertj:assertj-core:3.13.2=testRuntimeClasspath
org.codehaus.woodstox:stax2-api:4.2.1=dokkaGfmRuntime,dokkaHtmlRuntime,dokkaJavadocRuntime,dokkaJekyllRuntime
org.jacoco:org.jacoco.agent:0.8.5=jacocoAgent,jacocoAnt
org.jacoco:org.jacoco.ant:0.8.5=jacocoAnt
org.jacoco:org.jacoco.core:0.8.5=jacocoAnt
org.jacoco:org.jacoco.report:0.8.5=jacocoAnt
org.jetbrains.dokka:dokka-analysis:1.4.20=dokkaGfmPlugin,dokkaHtmlPlugin,dokkaJavadocPlugin,dokkaJekyllPlugin
org.jetbrains.dokka:dokka-base:1.4.20=dokkaGfmPlugin,dokkaHtmlPlugin,dokkaJavadocPlugin,dokkaJekyllPlugin
org.jetbrains.dokka:dokka-core:1.4.20=dokkaGfmRuntime,dokkaHtmlRuntime,dokkaJavadocRuntime,dokkaJekyllRuntime
org.jetbrains.dokka:kotlin-analysis-compiler:1.4.20=dokkaGfmPlugin,dokkaHtmlPlugin,dokkaJavadocPlugin,dokkaJekyllPlugin
org.jetbrains.dokka:kotlin-analysis-intellij:1.4.20=dokkaGfmPlugin,dokkaHtmlPlugin,dokkaJavadocPlugin,dokkaJekyllPlugin
org.jetbrains.intellij.deps:trove4j:1.0.20181211=compileClasspath,compileOnly,compileOnlyDependenciesMetadata,kotlinCompilerClasspath,kotlinKlibCommonizerClasspath,pluginDependency,testRuntimeClasspath
org.jetbrains.kotlin:kotlin-annotation-processing-embeddable:1.4.10=testRuntimeClasspath
org.jetbrains.kotlin:kotlin-compiler-embeddable:1.4.10=pluginDependency,testCompileClasspath,testImplementationDependenciesMetadata,testRuntimeClasspath
org.jetbrains.kotlin:kotlin-compiler-embeddable:1.4.21=compileClasspath,compileOnly,compileOnlyDependenciesMetadata,kotlinCompilerClasspath,kotlinKlibCommonizerClasspath
org.jetbrains.kotlin:kotlin-daemon-client:1.4.21=compileClasspath,compileOnly,compileOnlyDependenciesMetadata
org.jetbrains.kotlin:kotlin-daemon-embeddable:1.4.10=pluginDependency,testRuntimeClasspath
org.jetbrains.kotlin:kotlin-daemon-embeddable:1.4.21=compileOnly,kotlinCompilerClasspath,kotlinKlibCommonizerClasspath
org.jetbrains.kotlin:kotlin-klib-commonizer-embeddable:1.4.21=kotlinKlibCommonizerClasspath
org.jetbrains.kotlin:kotlin-reflect:1.4.10=pluginDependency,testRuntimeClasspath
org.jetbrains.kotlin:kotlin-reflect:1.4.20=dokkaGfmPlugin,dokkaGfmRuntime,dokkaHtmlPlugin,dokkaHtmlRuntime,dokkaJavadocPlugin,dokkaJavadocRuntime,dokkaJekyllPlugin,dokkaJekyllRuntime
org.jetbrains.kotlin:kotlin-reflect:1.4.21=compileOnly,kotlinCompilerClasspath,kotlinKlibCommonizerClasspath
org.jetbrains.kotlin:kotlin-script-runtime:1.4.10=pluginDependency,testRuntimeClasspath
org.jetbrains.kotlin:kotlin-script-runtime:1.4.21=compileClasspath,compileOnly,compileOnlyDependenciesMetadata,kotlinCompilerClasspath,kotlinCompilerPluginClasspath,kotlinKlibCommonizerClasspath
org.jetbrains.kotlin:kotlin-script-util:1.4.21=compileClasspath,compileOnly,compileOnlyDependenciesMetadata
org.jetbrains.kotlin:kotlin-scripting-common:1.4.21=compileClasspath,compileOnly,compileOnlyDependenciesMetadata,kotlinCompilerPluginClasspath
org.jetbrains.kotlin:kotlin-scripting-compiler-embeddable:1.4.21=compileClasspath,compileOnly,compileOnlyDependenciesMetadata,kotlinCompilerPluginClasspath
org.jetbrains.kotlin:kotlin-scripting-compiler-impl-embeddable:1.4.21=compileOnly,kotlinCompilerPluginClasspath
org.jetbrains.kotlin:kotlin-scripting-jvm:1.4.21=compileClasspath,compileOnly,compileOnlyDependenciesMetadata,kotlinCompilerPluginClasspath
org.jetbrains.kotlin:kotlin-stdlib-common:1.4.10=pluginDependency
org.jetbrains.kotlin:kotlin-stdlib-common:1.4.20=dokkaGfmPlugin,dokkaGfmRuntime,dokkaHtmlPlugin,dokkaHtmlRuntime,dokkaJavadocPlugin,dokkaJavadocRuntime,dokkaJekyllPlugin,dokkaJekyllRuntime
org.jetbrains.kotlin:kotlin-stdlib-common:1.4.21=compileClasspath,compileOnly,compileOnlyDependenciesMetadata,kotlinCompilerClasspath,kotlinCompilerPluginClasspath,kotlinKlibCommonizerClasspath,testApiDependenciesMetadata,testCompileClasspath,testImplementationDependenciesMetadata,testRuntimeClasspath
org.jetbrains.kotlin:kotlin-stdlib-jdk7:1.4.0=compileClasspath,pluginDependency
org.jetbrains.kotlin:kotlin-stdlib-jdk7:1.4.20=dokkaGfmPlugin,dokkaGfmRuntime,dokkaHtmlPlugin,dokkaHtmlRuntime,dokkaJavadocPlugin,dokkaJavadocRuntime,dokkaJekyllPlugin,dokkaJekyllRuntime
org.jetbrains.kotlin:kotlin-stdlib-jdk7:1.4.21=testApiDependenciesMetadata,testCompileClasspath,testImplementationDependenciesMetadata,testRuntimeClasspath
org.jetbrains.kotlin:kotlin-stdlib-jdk8:1.4.0=compileClasspath,pluginDependency
org.jetbrains.kotlin:kotlin-stdlib-jdk8:1.4.20=dokkaGfmPlugin,dokkaGfmRuntime,dokkaHtmlPlugin,dokkaHtmlRuntime,dokkaJavadocPlugin,dokkaJavadocRuntime,dokkaJekyllPlugin,dokkaJekyllRuntime
org.jetbrains.kotlin:kotlin-stdlib-jdk8:1.4.21=testApiDependenciesMetadata,testCompileClasspath,testImplementationDependenciesMetadata,testRuntimeClasspath
org.jetbrains.kotlin:kotlin-stdlib:1.4.10=pluginDependency
org.jetbrains.kotlin:kotlin-stdlib:1.4.20=dokkaGfmPlugin,dokkaGfmRuntime,dokkaHtmlPlugin,dokkaHtmlRuntime,dokkaJavadocPlugin,dokkaJavadocRuntime,dokkaJekyllPlugin,dokkaJekyllRuntime
org.jetbrains.kotlin:kotlin-stdlib:1.4.21=compileClasspath,compileOnly,compileOnlyDependenciesMetadata,kotlinCompilerClasspath,kotlinCompilerPluginClasspath,kotlinKlibCommonizerClasspath,testApiDependenciesMetadata,testCompileClasspath,testImplementationDependenciesMetadata,testRuntimeClasspath
org.jetbrains.kotlinx:kotlinx-coroutines-core-jvm:1.4.0=testRuntimeClasspath
org.jetbrains.kotlinx:kotlinx-coroutines-core-jvm:1.4.1=dokkaGfmPlugin,dokkaGfmRuntime,dokkaHtmlPlugin,dokkaHtmlRuntime,dokkaJavadocPlugin,dokkaJavadocRuntime,dokkaJekyllPlugin,dokkaJekyllRuntime
org.jetbrains.kotlinx:kotlinx-coroutines-core:1.3.7=compileClasspath,compileOnly,compileOnlyDependenciesMetadata,kotlinCompilerPluginClasspath
org.jetbrains.kotlinx:kotlinx-coroutines-core:1.4.0=testRuntimeClasspath
org.jetbrains.kotlinx:kotlinx-html-jvm:0.7.2=dokkaGfmPlugin,dokkaHtmlPlugin,dokkaJavadocPlugin,dokkaJekyllPlugin
org.jetbrains:annotations:13.0=compileClasspath,compileOnly,compileOnlyDependenciesMetadata,dokkaGfmPlugin,dokkaGfmRuntime,dokkaHtmlPlugin,dokkaHtmlRuntime,dokkaJavadocPlugin,dokkaJavadocRuntime,dokkaJekyllPlugin,dokkaJekyllRuntime,kotlinCompilerClasspath,kotlinCompilerPluginClasspath,kotlinKlibCommonizerClasspath,pluginDependency,testApiDependenciesMetadata,testCompileClasspath,testImplementationDependenciesMetadata,testRuntimeClasspath
org.jetbrains:markdown:0.1.45=dokkaGfmRuntime,dokkaHtmlRuntime,dokkaJavadocRuntime,dokkaJekyllRuntime
org.jsoup:jsoup:1.12.1=dokkaGfmPlugin,dokkaGfmRuntime,dokkaHtmlPlugin,dokkaHtmlRuntime,dokkaJavadocPlugin,dokkaJavadocRuntime,dokkaJekyllPlugin,dokkaJekyllRuntime
org.junit.jupiter:junit-jupiter-api:5.7.0=testCompileClasspath,testImplementationDependenciesMetadata,testRuntimeClasspath
org.junit.jupiter:junit-jupiter-engine:5.7.0=testRuntimeClasspath
org.junit.jupiter:junit-jupiter-params:5.7.0=testCompileClasspath,testImplementationDependenciesMetadata,testRuntimeClasspath
org.junit.jupiter:junit-jupiter:5.7.0=testCompileClasspath,testImplementationDependenciesMetadata,testRuntimeClasspath
org.junit.platform:junit-platform-commons:1.7.0=testCompileClasspath,testImplementationDependenciesMetadata,testRuntimeClasspath
org.junit.platform:junit-platform-engine:1.7.0=testRuntimeClasspath
org.junit:junit-bom:5.7.0=testCompileClasspath,testImplementationDependenciesMetadata,testRuntimeClasspath
org.opentest4j:opentest4j:1.2.0=testCompileClasspath,testImplementationDependenciesMetadata,testRuntimeClasspath
org.ow2.asm:asm-analysis:7.2=jacocoAnt
org.ow2.asm:asm-commons:7.2=jacocoAnt
org.ow2.asm:asm-tree:7.2=jacocoAnt
org.ow2.asm:asm:7.2=jacocoAnt
empty=annotationProcessor,apiDependenciesMetadata,archives,compile,default,dokkaPlugin,dokkaRuntime,implementationDependenciesMetadata,kotlinNativeCompilerPluginClasspath,kotlinScriptDef,kotlinScriptDefExtensions,ktlintRuleset,runtime,runtimeClasspath,runtimeOnlyDependenciesMetadata,testAnnotationProcessor,testCompile,testCompileOnly,testCompileOnlyDependenciesMetadata,testKotlinScriptDef,testKotlinScriptDefExtensions,testRuntime,testRuntimeOnlyDependenciesMetadata
