# This is a Gradle generated file for dependency locking.
# Manual edits can break the build and are not advised.
# This file is expected to be part of source control.
com.fasterxml.jackson.core:jackson-annotations:2.11.1=dokkaGfmPlugin,dokkaGfmRuntime,dokkaHtmlPlugin,dokkaHtmlRuntime,dokkaJavadocPlugin,dokkaJavadocRuntime,dokkaJekyllPlugin,dokkaJekyllRuntime
com.fasterxml.jackson.core:jackson-core:2.11.1=dokkaGfmPlugin,dokkaGfmRuntime,dokkaHtmlPlugin,dokkaHtmlRuntime,dokkaJavadocPlugin,dokkaJavadocRuntime,dokkaJekyllPlugin,dokkaJekyllRuntime
com.fasterxml.jackson.core:jackson-databind:2.11.1=dokkaGfmPlugin,dokkaGfmRuntime,dokkaHtmlPlugin,dokkaHtmlRuntime,dokkaJavadocPlugin,dokkaJavadocRuntime,dokkaJekyllPlugin,dokkaJekyllRuntime
com.fasterxml.jackson.dataformat:jackson-dataformat-xml:2.11.1=dokkaGfmRuntime,dokkaHtmlRuntime,dokkaJavadocRuntime,dokkaJekyllRuntime
com.fasterxml.jackson.module:jackson-module-jaxb-annotations:2.11.1=dokkaGfmRuntime,dokkaHtmlRuntime,dokkaJavadocRuntime,dokkaJekyllRuntime
com.fasterxml.jackson.module:jackson-module-kotlin:2.11.1=dokkaGfmPlugin,dokkaGfmRuntime,dokkaHtmlPlugin,dokkaHtmlRuntime,dokkaJavadocPlugin,dokkaJavadocRuntime,dokkaJekyllPlugin,dokkaJekyllRuntime
com.fasterxml.woodstox:woodstox-core:6.2.1=dokkaGfmRuntime,dokkaHtmlRuntime,dokkaJavadocRuntime,dokkaJekyllRuntime
com.google.code.findbugs:jsr305:2.0.1=compileClasspath,default,implementationDependenciesMetadata,runtimeClasspath,testCompileClasspath,testImplementationDependenciesMetadata,testRuntimeClasspath
commons-io:commons-io:2.4=compileClasspath,default,implementationDependenciesMetadata,runtimeClasspath,testCompileClasspath,testImplementationDependenciesMetadata,testRuntimeClasspath
jakarta.activation:jakarta.activation-api:1.2.1=dokkaGfmRuntime,dokkaHtmlRuntime,dokkaJavadocRuntime,dokkaJekyllRuntime
jakarta.xml.bind:jakarta.xml.bind-api:2.3.2=dokkaGfmRuntime,dokkaHtmlRuntime,dokkaJavadocRuntime,dokkaJekyllRuntime
org.apache.maven.plugin-tools:maven-plugin-annotations:3.4=compileClasspath,default,implementationDependenciesMetadata,runtimeClasspath,testCompileClasspath,testImplementationDependenciesMetadata,testRuntimeClasspath
org.apache.maven.plugins:maven-compiler-plugin:3.5.1=compileClasspath,default,implementationDependenciesMetadata,runtimeClasspath,testCompileClasspath,testImplementationDependenciesMetadata,testRuntimeClasspath
org.apache.maven.shared:maven-shared-incremental:1.1=compileClasspath,default,implementationDependenciesMetadata,runtimeClasspath,testCompileClasspath,testImplementationDependenciesMetadata,testRuntimeClasspath
org.apache.maven.shared:maven-shared-utils:3.0.0=compileClasspath,default,implementationDependenciesMetadata,runtimeClasspath,testCompileClasspath,testImplementationDependenciesMetadata,testRuntimeClasspath
org.apache.maven:maven-aether-provider:3.0.5=compileClasspath,default,implementationDependenciesMetadata,runtimeClasspath,testCompileClasspath,testImplementationDependenciesMetadata,testRuntimeClasspath
org.apache.maven:maven-artifact:3.0.5=compileClasspath,default,implementationDependenciesMetadata,runtimeClasspath,testCompileClasspath,testImplementationDependenciesMetadata,testRuntimeClasspath
org.apache.maven:maven-core:3.0.5=compileClasspath,default,implementationDependenciesMetadata,runtimeClasspath,testCompileClasspath,testImplementationDependenciesMetadata,testRuntimeClasspath
org.apache.maven:maven-model-builder:3.0.5=compileClasspath,default,implementationDependenciesMetadata,runtimeClasspath,testCompileClasspath,testImplementationDependenciesMetadata,testRuntimeClasspath
org.apache.maven:maven-model:3.0.5=compileClasspath,default,implementationDependenciesMetadata,runtimeClasspath,testCompileClasspath,testImplementationDependenciesMetadata,testRuntimeClasspath
org.apache.maven:maven-plugin-api:3.0.5=compileClasspath,default,implementationDependenciesMetadata,runtimeClasspath,testCompileClasspath,testImplementationDependenciesMetadata,testRuntimeClasspath
org.apache.maven:maven-repository-metadata:3.0.5=compileClasspath,default,implementationDependenciesMetadata,runtimeClasspath,testCompileClasspath,testImplementationDependenciesMetadata,testRuntimeClasspath
org.apache.maven:maven-settings-builder:3.0.5=compileClasspath,default,implementationDependenciesMetadata,runtimeClasspath,testCompileClasspath,testImplementationDependenciesMetadata,testRuntimeClasspath
org.apache.maven:maven-settings:3.0.5=compileClasspath,default,implementationDependenciesMetadata,runtimeClasspath,testCompileClasspath,testImplementationDependenciesMetadata,testRuntimeClasspath
org.apache.maven:maven-toolchain:2.2.1=compileClasspath,default,implementationDependenciesMetadata,runtimeClasspath,testCompileClasspath,testImplementationDependenciesMetadata,testRuntimeClasspath
org.codehaus.plexus:plexus-classworlds:2.4=compileClasspath,default,implementationDependenciesMetadata,runtimeClasspath,testCompileClasspath,testImplementationDependenciesMetadata,testRuntimeClasspath
org.codehaus.plexus:plexus-compiler-api:2.7=compileClasspath,default,implementationDependenciesMetadata,runtimeClasspath,testCompileClasspath,testImplementationDependenciesMetadata,testRuntimeClasspath
org.codehaus.plexus:plexus-compiler-javac:2.7=default,runtimeClasspath,testRuntimeClasspath
org.codehaus.plexus:plexus-compiler-manager:2.7=compileClasspath,default,implementationDependenciesMetadata,runtimeClasspath,testCompileClasspath,testImplementationDependenciesMetadata,testRuntimeClasspath
org.codehaus.plexus:plexus-component-annotations:1.5.5=compileClasspath,default,implementationDependenciesMetadata,runtimeClasspath,testCompileClasspath,testImplementationDependenciesMetadata,testRuntimeClasspath
org.codehaus.plexus:plexus-interpolation:1.14=compileClasspath,default,implementationDependenciesMetadata,runtimeClasspath,testCompileClasspath,testImplementationDependenciesMetadata,testRuntimeClasspath
org.codehaus.plexus:plexus-utils:3.0.22=compileClasspath,default,implementationDependenciesMetadata,runtimeClasspath,testCompileClasspath,testImplementationDependenciesMetadata,testRuntimeClasspath
org.codehaus.woodstox:stax2-api:4.2.1=dokkaGfmRuntime,dokkaHtmlRuntime,dokkaJavadocRuntime,dokkaJekyllRuntime
org.jacoco:org.jacoco.agent:0.8.5=jacocoAgent,jacocoAnt
org.jacoco:org.jacoco.ant:0.8.5=jacocoAnt
org.jacoco:org.jacoco.core:0.8.5=jacocoAnt
org.jacoco:org.jacoco.report:0.8.5=jacocoAnt
org.jetbrains.dokka:dokka-analysis:1.4.20=dokkaGfmPlugin,dokkaHtmlPlugin,dokkaJavadocPlugin,dokkaJekyllPlugin
org.jetbrains.dokka:dokka-base:1.4.20=dokkaGfmPlugin,dokkaHtmlPlugin,dokkaJavadocPlugin,dokkaJekyllPlugin
org.jetbrains.dokka:dokka-core:1.4.20=dokkaGfmRuntime,dokkaHtmlRuntime,dokkaJavadocRuntime,dokkaJekyllRuntime
org.jetbrains.dokka:kotlin-analysis-compiler:1.4.20=dokkaGfmPlugin,dokkaHtmlPlugin,dokkaJavadocPlugin,dokkaJekyllPlugin
org.jetbrains.dokka:kotlin-analysis-intellij:1.4.20=dokkaGfmPlugin,dokkaHtmlPlugin,dokkaJavadocPlugin,dokkaJekyllPlugin
org.jetbrains.intellij.deps:trove4j:1.0.20181211=compileClasspath,default,implementationDependenciesMetadata,kotlinCompilerClasspath,kotlinKlibCommonizerClasspath,runtimeClasspath,testCompileClasspath,testImplementationDependenciesMetadata,testRuntimeClasspath
org.jetbrains.kotlin:kotlin-compiler-embeddable:1.4.21=kotlinCompilerClasspath,kotlinKlibCommonizerClasspath
org.jetbrains.kotlin:kotlin-compiler:1.4.21=compileClasspath,default,implementationDependenciesMetadata,runtimeClasspath,testCompileClasspath,testImplementationDependenciesMetadata,testRuntimeClasspath
org.jetbrains.kotlin:kotlin-daemon-embeddable:1.4.21=kotlinCompilerClasspath,kotlinKlibCommonizerClasspath
org.jetbrains.kotlin:kotlin-klib-commonizer-embeddable:1.4.21=kotlinKlibCommonizerClasspath
org.jetbrains.kotlin:kotlin-maven-plugin:1.4.21=compileClasspath,default,implementationDependenciesMetadata,runtimeClasspath,testCompileClasspath,testImplementationDependenciesMetadata,testRuntimeClasspath
org.jetbrains.kotlin:kotlin-reflect:1.4.20=dokkaGfmPlugin,dokkaGfmRuntime,dokkaHtmlPlugin,dokkaHtmlRuntime,dokkaJavadocPlugin,dokkaJavadocRuntime,dokkaJekyllPlugin,dokkaJekyllRuntime
org.jetbrains.kotlin:kotlin-reflect:1.4.21=compileClasspath,default,implementationDependenciesMetadata,kotlinCompilerClasspath,kotlinKlibCommonizerClasspath,runtimeClasspath,testCompileClasspath,testImplementationDependenciesMetadata,testRuntimeClasspath
org.jetbrains.kotlin:kotlin-script-runtime:1.4.21=compileClasspath,default,implementationDependenciesMetadata,kotlinCompilerClasspath,kotlinCompilerPluginClasspath,kotlinKlibCommonizerClasspath,runtimeClasspath,testCompileClasspath,testImplementationDependenciesMetadata,testRuntimeClasspath
org.jetbrains.kotlin:kotlin-scripting-common:1.4.21=compileClasspath,default,implementationDependenciesMetadata,kotlinCompilerPluginClasspath,runtimeClasspath,testCompileClasspath,testImplementationDependenciesMetadata,testRuntimeClasspath
org.jetbrains.kotlin:kotlin-scripting-compiler-embeddable:1.4.21=kotlinCompilerPluginClasspath
org.jetbrains.kotlin:kotlin-scripting-compiler-impl-embeddable:1.4.21=kotlinCompilerPluginClasspath
org.jetbrains.kotlin:kotlin-scripting-compiler-impl:1.4.21=compileClasspath,default,implementationDependenciesMetadata,runtimeClasspath,testCompileClasspath,testImplementationDependenciesMetadata,testRuntimeClasspath
org.jetbrains.kotlin:kotlin-scripting-compiler:1.4.21=compileClasspath,default,implementationDependenciesMetadata,runtimeClasspath,testCompileClasspath,testImplementationDependenciesMetadata,testRuntimeClasspath
org.jetbrains.kotlin:kotlin-scripting-js:1.4.21=compileClasspath,default,implementationDependenciesMetadata,runtimeClasspath,testCompileClasspath,testImplementationDependenciesMetadata,testRuntimeClasspath
org.jetbrains.kotlin:kotlin-scripting-jvm:1.4.21=compileClasspath,default,implementationDependenciesMetadata,kotlinCompilerPluginClasspath,runtimeClasspath,testCompileClasspath,testImplementationDependenciesMetadata,testRuntimeClasspath
org.jetbrains.kotlin:kotlin-stdlib-common:1.4.20=dokkaGfmPlugin,dokkaGfmRuntime,dokkaHtmlPlugin,dokkaHtmlRuntime,dokkaJavadocPlugin,dokkaJavadocRuntime,dokkaJekyllPlugin,dokkaJekyllRuntime
org.jetbrains.kotlin:kotlin-stdlib-common:1.4.21=apiDependenciesMetadata,compileClasspath,default,implementationDependenciesMetadata,kotlinCompilerClasspath,kotlinCompilerPluginClasspath,kotlinKlibCommonizerClasspath,runtimeClasspath,testCompileClasspath,testImplementationDependenciesMetadata,testRuntimeClasspath
org.jetbrains.kotlin:kotlin-stdlib-jdk7:1.4.20=dokkaGfmPlugin,dokkaGfmRuntime,dokkaHtmlPlugin,dokkaHtmlRuntime,dokkaJavadocPlugin,dokkaJavadocRuntime,dokkaJekyllPlugin,dokkaJekyllRuntime
org.jetbrains.kotlin:kotlin-stdlib-jdk8:1.4.20=dokkaGfmPlugin,dokkaGfmRuntime,dokkaHtmlPlugin,dokkaHtmlRuntime,dokkaJavadocPlugin,dokkaJavadocRuntime,dokkaJekyllPlugin,dokkaJekyllRuntime
org.jetbrains.kotlin:kotlin-stdlib:1.4.20=dokkaGfmPlugin,dokkaGfmRuntime,dokkaHtmlPlugin,dokkaHtmlRuntime,dokkaJavadocPlugin,dokkaJavadocRuntime,dokkaJekyllPlugin,dokkaJekyllRuntime
org.jetbrains.kotlin:kotlin-stdlib:1.4.21=apiDependenciesMetadata,compileClasspath,default,implementationDependenciesMetadata,kotlinCompilerClasspath,kotlinCompilerPluginClasspath,kotlinKlibCommonizerClasspath,runtimeClasspath,testCompileClasspath,testImplementationDependenciesMetadata,testRuntimeClasspath
org.jetbrains.kotlin:kotlin-util-io:1.4.21=compileClasspath,default,implementationDependenciesMetadata,runtimeClasspath,testCompileClasspath,testImplementationDependenciesMetadata,testRuntimeClasspath
org.jetbrains.kotlin:kotlin-util-klib:1.4.21=compileClasspath,default,implementationDependenciesMetadata,runtimeClasspath,testCompileClasspath,testImplementationDependenciesMetadata,testRuntimeClasspath
org.jetbrains.kotlinx:kotlinx-coroutines-core-jvm:1.4.1=dokkaGfmPlugin,dokkaGfmRuntime,dokkaHtmlPlugin,dokkaHtmlRuntime,dokkaJavadocPlugin,dokkaJavadocRuntime,dokkaJekyllPlugin,dokkaJekyllRuntime
org.jetbrains.kotlinx:kotlinx-coroutines-core:1.3.7=compileClasspath,default,implementationDependenciesMetadata,kotlinCompilerPluginClasspath,runtimeClasspath,testCompileClasspath,testImplementationDependenciesMetadata,testRuntimeClasspath
org.jetbrains.kotlinx:kotlinx-html-jvm:0.7.2=dokkaGfmPlugin,dokkaHtmlPlugin,dokkaJavadocPlugin,dokkaJekyllPlugin
org.jetbrains:annotations:13.0=apiDependenciesMetadata,compileClasspath,default,dokkaGfmPlugin,dokkaGfmRuntime,dokkaHtmlPlugin,dokkaHtmlRuntime,dokkaJavadocPlugin,dokkaJavadocRuntime,dokkaJekyllPlugin,dokkaJekyllRuntime,implementationDependenciesMetadata,kotlinCompilerClasspath,kotlinCompilerPluginClasspath,kotlinKlibCommonizerClasspath,runtimeClasspath,testCompileClasspath,testImplementationDependenciesMetadata,testRuntimeClasspath
org.jetbrains:markdown:0.1.45=dokkaGfmRuntime,dokkaHtmlRuntime,dokkaJavadocRuntime,dokkaJekyllRuntime
org.jsoup:jsoup:1.12.1=dokkaGfmPlugin,dokkaGfmRuntime,dokkaHtmlPlugin,dokkaHtmlRuntime,dokkaJavadocPlugin,dokkaJavadocRuntime,dokkaJekyllPlugin,dokkaJekyllRuntime
org.ow2.asm:asm-analysis:7.2=jacocoAnt
org.ow2.asm:asm-commons:7.2=jacocoAnt
org.ow2.asm:asm-tree:7.2=jacocoAnt
org.ow2.asm:asm:7.2=jacocoAnt
org.sonatype.aether:aether-api:1.13.1=compileClasspath,default,implementationDependenciesMetadata,runtimeClasspath,testCompileClasspath,testImplementationDependenciesMetadata,testRuntimeClasspath
org.sonatype.aether:aether-impl:1.13.1=compileClasspath,default,implementationDependenciesMetadata,runtimeClasspath,testCompileClasspath,testImplementationDependenciesMetadata,testRuntimeClasspath
org.sonatype.aether:aether-spi:1.13.1=compileClasspath,default,implementationDependenciesMetadata,runtimeClasspath,testCompileClasspath,testImplementationDependenciesMetadata,testRuntimeClasspath
org.sonatype.aether:aether-util:1.13.1=compileClasspath,default,implementationDependenciesMetadata,runtimeClasspath,testCompileClasspath,testImplementationDependenciesMetadata,testRuntimeClasspath
org.sonatype.plexus:plexus-cipher:1.4=compileClasspath,default,implementationDependenciesMetadata,runtimeClasspath,testCompileClasspath,testImplementationDependenciesMetadata,testRuntimeClasspath
org.sonatype.plexus:plexus-sec-dispatcher:1.3=compileClasspath,default,implementationDependenciesMetadata,runtimeClasspath,testCompileClasspath,testImplementationDependenciesMetadata,testRuntimeClasspath
org.sonatype.sisu:sisu-guava:0.9.9=compileClasspath,default,implementationDependenciesMetadata,runtimeClasspath,testCompileClasspath,testImplementationDependenciesMetadata,testRuntimeClasspath
org.sonatype.sisu:sisu-guice:3.1.0=compileClasspath,default,implementationDependenciesMetadata,runtimeClasspath,testCompileClasspath,testImplementationDependenciesMetadata,testRuntimeClasspath
org.sonatype.sisu:sisu-inject-bean:2.3.0=compileClasspath,default,implementationDependenciesMetadata,runtimeClasspath,testCompileClasspath,testImplementationDependenciesMetadata,testRuntimeClasspath
org.sonatype.sisu:sisu-inject-plexus:2.3.0=compileClasspath,default,implementationDependenciesMetadata,runtimeClasspath,testCompileClasspath,testImplementationDependenciesMetadata,testRuntimeClasspath
empty=annotationProcessor,archives,compile,compileOnly,compileOnlyDependenciesMetadata,dokkaPlugin,dokkaRuntime,kotlinNativeCompilerPluginClasspath,kotlinScriptDef,kotlinScriptDefExtensions,ktlintRuleset,pluginDependency,runtime,runtimeOnlyDependenciesMetadata,testAnnotationProcessor,testApiDependenciesMetadata,testCompile,testCompileOnly,testCompileOnlyDependenciesMetadata,testKotlinScriptDef,testKotlinScriptDefExtensions,testRuntime,testRuntimeOnlyDependenciesMetadata
